Microsoft Visual Studio Solution File, Format Version 11.00
# Visual Studio 2008

Project("{347857C7-AB1E-ABD5-D8CA-01BBBCB3F6C2}") = "Rocket Pig", "Assembly-CSharp.csproj", "{8488168F-D1F2-A63E-8F1B-4EDE1A47C5F7}"
EndProject
Global
	GlobalSection(SolutionConfigurationPlatforms) = preSolution
		Debug|Any CPU = Debug|Any CPU
		Release|Any CPU = Release|Any CPU
	EndGlobalSection
	GlobalSection(ProjectConfigurationPlatforms) = postSolution
		{8488168F-D1F2-A63E-8F1B-4EDE1A47C5F7}.Debug|Any CPU.ActiveCfg = Debug|Any CPU
		{8488168F-D1F2-A63E-8F1B-4EDE1A47C5F7}.Debug|Any CPU.Build.0 = Debug|Any CPU
		{8488168F-D1F2-A63E-8F1B-4EDE1A47C5F7}.Release|Any CPU.ActiveCfg = Release|Any CPU
		{8488168F-D1F2-A63E-8F1B-4EDE1A47C5F7}.Release|Any CPU.Build.0 = Release|Any CPU
	EndGlobalSection
	GlobalSection(SolutionProperties) = preSolution
		HideSolutionNode = FALSE
	EndGlobalSection
	GlobalSection(MonoDevelopProperties) = preSolution
		StartupItem = Assembly-CSharp.csproj
	EndGlobalSection
EndGlobal
